# @generated by Move, please check-in and do not edit manually.

[move]
version = 3
manifest_digest = "6AAE4FDD1E24CD1E54B9CD2FF17F3A7D7B4786C3B9C3F2A40BF1CFCE26273CB4"
deps_digest = "F8BBB0CCB2491CA29A3DF03D6F92277A4F3574266507ACD77214D37ECA3F3082"
dependencies = [
  { id = "Sui", name = "Sui" },
]

[[move.package]]
id = "MoveStdlib"
source = { git = "https://github.com/MystenLabs/sui.git", rev = "framework/mainnet", subdir = "crates/sui-framework/packages/move-stdlib" }

[[move.package]]
id = "Sui"
source = { git = "https://github.com/MystenLabs/sui.git", rev = "framework/mainnet", subdir = "crates/sui-framework/packages/sui-framework" }

dependencies = [
  { id = "MoveStdlib", name = "MoveStdlib" },
]

[move.toolchain-version]
compiler-version = "1.57.3"
edition = "2024.beta"
flavor = "sui"

[env]

[env.devnet]
chain-id = "665947b9"
original-published-id = "0xc70141b3e6f3f8163c61d6704298b8ebc3936055a53b95920bdd42acc98cab41"
latest-published-id = "0xc70141b3e6f3f8163c61d6704298b8ebc3936055a53b95920bdd42acc98cab41"
published-version = "1"

[env.mainnet]
chain-id = "35834a8a"
original-published-id = "0x58938c4d77a16c5baf8a7267ac0edbeee150658803d50b0222cf03e5d8cad45e"
latest-published-id = "0x58938c4d77a16c5baf8a7267ac0edbeee150658803d50b0222cf03e5d8cad45e"
published-version = "1"
